
Microsoft Visual Studio Solution File, Format Version 12.00
# Visual Studio 15
VisualStudioVersion = 15.0.27428.2027
MinimumVisualStudioVersion = 10.0.40219.1
Project("{FAE04EC0-301F-11D3-BF4B-00C04F79EFBC}") = "Context", "Context\Context.csproj", "{B0FF964D-38DB-44D6-B12D-CE4B4F474351}"
EndProject
Project("{FAE04EC0-301F-11D3-BF4B-00C04F79EFBC}") = "Context.Tests", "Context.Tests\Context.Tests.csproj", "{F350012B-EEB7-491E-A3EB-ED0A56E1B7AD}"
EndProject
Global
	GlobalSection(SolutionConfigurationPlatforms) = preSolution
		Debug|Any CPU = Debug|Any CPU
		Release|Any CPU = Release|Any CPU
	EndGlobalSection
	GlobalSection(ProjectConfigurationPlatforms) = postSolution
		{B0FF964D-38DB-44D6-B12D-CE4B4F474351}.Debug|Any CPU.ActiveCfg = Debug|Any CPU
		{B0FF964D-38DB-44D6-B12D-CE4B4F474351}.Debug|Any CPU.Build.0 = Debug|Any CPU
		{B0FF964D-38DB-44D6-B12D-CE4B4F474351}.Release|Any CPU.ActiveCfg = Release|Any CPU
		{B0FF964D-38DB-44D6-B12D-CE4B4F474351}.Release|Any CPU.Build.0 = Release|Any CPU
		{F350012B-EEB7-491E-A3EB-ED0A56E1B7AD}.Debug|Any CPU.ActiveCfg = Debug|Any CPU
		{F350012B-EEB7-491E-A3EB-ED0A56E1B7AD}.Debug|Any CPU.Build.0 = Debug|Any CPU
		{F350012B-EEB7-491E-A3EB-ED0A56E1B7AD}.Release|Any CPU.ActiveCfg = Release|Any CPU
		{F350012B-EEB7-491E-A3EB-ED0A56E1B7AD}.Release|Any CPU.Build.0 = Release|Any CPU
	EndGlobalSection
	GlobalSection(SolutionProperties) = preSolution
		HideSolutionNode = FALSE
	EndGlobalSection
	GlobalSection(ExtensibilityGlobals) = postSolution
		SolutionGuid = {F74B266A-D8AD-4EFB-829B-0F761A6641F4}
	EndGlobalSection
EndGlobal
